// !$*UTF8*$!
{
	archiveVersion = 1;
	classes = {
	};
	objectVersion = 56;
	objects = {

/* Begin PBXBuildFile section */
		690C12882AB00F4A000C3241 /* AppDelegate.swift in Sources */ = {isa = PBXBuildFile; fileRef = 690C12872AB00F4A000C3241 /* AppDelegate.swift */; };
		690C128A2AB00F4A000C3241 /* SceneDelegate.swift in Sources */ = {isa = PBXBuildFile; fileRef = 690C12892AB00F4A000C3241 /* SceneDelegate.swift */; };
		690C128C2AB00F4A000C3241 /* ViewController.swift in Sources */ = {isa = PBXBuildFile; fileRef = 690C128B2AB00F4A000C3241 /* ViewController.swift */; };
		690C128F2AB00F4A000C3241 /* Main.storyboard in Resources */ = {isa = PBXBuildFile; fileRef = 690C128D2AB00F4A000C3241 /* Main.storyboard */; };
		690C12912AB00F4C000C3241 /* Assets.xcassets in Resources */ = {isa = PBXBuildFile; fileRef = 690C12902AB00F4C000C3241 /* Assets.xcassets */; };
		690C12942AB00F4C000C3241 /* LaunchScreen.storyboard in Resources */ = {isa = PBXBuildFile; fileRef = 690C12922AB00F4C000C3241 /* LaunchScreen.storyboard */; };
		690C129F2AB00F4C000C3241 /* Bloom_Mental_HealthTests.swift in Sources */ = {isa = PBXBuildFile; fileRef = 690C129E2AB00F4C000C3241 /* Bloom_Mental_HealthTests.swift */; };
		690C12A92AB00F4C000C3241 /* Bloom_Mental_HealthUITests.swift in Sources */ = {isa = PBXBuildFile; fileRef = 690C12A82AB00F4C000C3241 /* Bloom_Mental_HealthUITests.swift */; };
		690C12AB2AB00F4C000C3241 /* Bloom_Mental_HealthUITestsLaunchTests.swift in Sources */ = {isa = PBXBuildFile; fileRef = 690C12AA2AB00F4C000C3241 /* Bloom_Mental_HealthUITestsLaunchTests.swift */; };
		690C12B82AB00F8F000C3241 /* Styling.swift in Sources */ = {isa = PBXBuildFile; fileRef = 690C12B72AB00F8F000C3241 /* Styling.swift */; };
		690C12BD2AB0D004000C3241 /* NunitoSans.ttf in Resources */ = {isa = PBXBuildFile; fileRef = 690C12BB2AB01794000C3241 /* NunitoSans.ttf */; };
		690C12BE2AB0D007000C3241 /* Epilogue.ttf in Resources */ = {isa = PBXBuildFile; fileRef = 690C12BA2AB0178B000C3241 /* Epilogue.ttf */; };
		690C12BF2AB0D009000C3241 /* Rubik.ttf in Resources */ = {isa = PBXBuildFile; fileRef = 690C12BC2AB01AB4000C3241 /* Rubik.ttf */; };
		690C12C22AB0E224000C3241 /* V2_VC.swift in Sources */ = {isa = PBXBuildFile; fileRef = 690C12C12AB0E224000C3241 /* V2_VC.swift */; };
		690C12C42AB0F434000C3241 /* V3_VC.swift in Sources */ = {isa = PBXBuildFile; fileRef = 690C12C32AB0F434000C3241 /* V3_VC.swift */; };
		69A32B422AB37AF1001B7292 /* V4_VC.swift in Sources */ = {isa = PBXBuildFile; fileRef = 69A32B412AB37AF1001B7292 /* V4_VC.swift */; };
		69A32B462AB3B349001B7292 /* V0_VC.swift in Sources */ = {isa = PBXBuildFile; fileRef = 69A32B452AB3B349001B7292 /* V0_VC.swift */; };
		69A32B482AB40ECC001B7292 /* V5_VC.swift in Sources */ = {isa = PBXBuildFile; fileRef = 69A32B472AB40ECC001B7292 /* V5_VC.swift */; };
		69A32B4A2AB4F966001B7292 /* V6_VC.swift in Sources */ = {isa = PBXBuildFile; fileRef = 69A32B492AB4F966001B7292 /* V6_VC.swift */; };
		69A32B4D2AB4F9CA001B7292 /* Classes.swift in Sources */ = {isa = PBXBuildFile; fileRef = 69A32B4C2AB4F9CA001B7292 /* Classes.swift */; };
		69A32B4F2AB60CEA001B7292 /* V7_VC.swift in Sources */ = {isa = PBXBuildFile; fileRef = 69A32B4E2AB60CEA001B7292 /* V7_VC.swift */; };
		69A32B512AB6388F001B7292 /* V8_VC.swift in Sources */ = {isa = PBXBuildFile; fileRef = 69A32B502AB6388F001B7292 /* V8_VC.swift */; };
		69A32B532AB64935001B7292 /* V9_VC.swift in Sources */ = {isa = PBXBuildFile; fileRef = 69A32B522AB64935001B7292 /* V9_VC.swift */; };
		69A32B552AB652D9001B7292 /* V10_VC.swift in Sources */ = {isa = PBXBuildFile; fileRef = 69A32B542AB652D9001B7292 /* V10_VC.swift */; };
/* End PBXBuildFile section */

/* Begin PBXContainerItemProxy section */
		690C129B2AB00F4C000C3241 /* PBXContainerItemProxy */ = {
			isa = PBXContainerItemProxy;
			containerPortal = 690C127C2AB00F4A000C3241 /* Project object */;
			proxyType = 1;
			remoteGlobalIDString = 690C12832AB00F4A000C3241;
			remoteInfo = "Bloom Mental Health";
		};
		690C12A52AB00F4C000C3241 /* PBXContainerItemProxy */ = {
			isa = PBXContainerItemProxy;
			containerPortal = 690C127C2AB00F4A000C3241 /* Project object */;
			proxyType = 1;
			remoteGlobalIDString = 690C12832AB00F4A000C3241;
			remoteInfo = "Bloom Mental Health";
		};
/* End PBXContainerItemProxy section */

/* Begin PBXFileReference section */
		690C12842AB00F4A000C3241 /* Bloom Mental Health.app */ = {isa = PBXFileReference; explicitFileType = wrapper.application; includeInIndex = 0; path = "Bloom Mental Health.app"; sourceTree = BUILT_PRODUCTS_DIR; };
		690C12872AB00F4A000C3241 /* AppDelegate.swift */ = {isa = PBXFileReference; lastKnownFileType = sourcecode.swift; path = AppDelegate.swift; sourceTree = "<group>"; };
		690C12892AB00F4A000C3241 /* SceneDelegate.swift */ = {isa = PBXFileReference; lastKnownFileType = sourcecode.swift; path = SceneDelegate.swift; sourceTree = "<group>"; };
		690C128B2AB00F4A000C3241 /* ViewController.swift */ = {isa = PBXFileReference; lastKnownFileType = sourcecode.swift; path = ViewController.swift; sourceTree = "<group>"; };
		690C128E2AB00F4A000C3241 /* Base */ = {isa = PBXFileReference; lastKnownFileType = file.storyboard; name = Base; path = Base.lproj/Main.storyboard; sourceTree = "<group>"; };
		690C12902AB00F4C000C3241 /* Assets.xcassets */ = {isa = PBXFileReference; lastKnownFileType = folder.assetcatalog; path = Assets.xcassets; sourceTree = "<group>"; };
		690C12932AB00F4C000C3241 /* Base */ = {isa = PBXFileReference; lastKnownFileType = file.storyboard; name = Base; path = Base.lproj/LaunchScreen.storyboard; sourceTree = "<group>"; };
		690C12952AB00F4C000C3241 /* Info.plist */ = {isa = PBXFileReference; lastKnownFileType = text.plist.xml; path = Info.plist; sourceTree = "<group>"; };
		690C129A2AB00F4C000C3241 /* Bloom Mental HealthTests.xctest */ = {isa = PBXFileReference; explicitFileType = wrapper.cfbundle; includeInIndex = 0; path = "Bloom Mental HealthTests.xctest"; sourceTree = BUILT_PRODUCTS_DIR; };
		690C129E2AB00F4C000C3241 /* Bloom_Mental_HealthTests.swift */ = {isa = PBXFileReference; lastKnownFileType = sourcecode.swift; path = Bloom_Mental_HealthTests.swift; sourceTree = "<group>"; };
		690C12A42AB00F4C000C3241 /* Bloom Mental HealthUITests.xctest */ = {isa = PBXFileReference; explicitFileType = wrapper.cfbundle; includeInIndex = 0; path = "Bloom Mental HealthUITests.xctest"; sourceTree = BUILT_PRODUCTS_DIR; };
		690C12A82AB00F4C000C3241 /* Bloom_Mental_HealthUITests.swift */ = {isa = PBXFileReference; lastKnownFileType = sourcecode.swift; path = Bloom_Mental_HealthUITests.swift; sourceTree = "<group>"; };
		690C12AA2AB00F4C000C3241 /* Bloom_Mental_HealthUITestsLaunchTests.swift */ = {isa = PBXFileReference; lastKnownFileType = sourcecode.swift; path = Bloom_Mental_HealthUITestsLaunchTests.swift; sourceTree = "<group>"; };
		690C12B72AB00F8F000C3241 /* Styling.swift */ = {isa = PBXFileReference; lastKnownFileType = sourcecode.swift; path = Styling.swift; sourceTree = "<group>"; };
		690C12BA2AB0178B000C3241 /* Epilogue.ttf */ = {isa = PBXFileReference; lastKnownFileType = file; path = Epilogue.ttf; sourceTree = "<group>"; };
		690C12BB2AB01794000C3241 /* NunitoSans.ttf */ = {isa = PBXFileReference; lastKnownFileType = file; path = NunitoSans.ttf; sourceTree = "<group>"; };
		690C12BC2AB01AB4000C3241 /* Rubik.ttf */ = {isa = PBXFileReference; lastKnownFileType = file; path = Rubik.ttf; sourceTree = "<group>"; };
		690C12C12AB0E224000C3241 /* V2_VC.swift */ = {isa = PBXFileReference; lastKnownFileType = sourcecode.swift; path = V2_VC.swift; sourceTree = "<group>"; };
		690C12C32AB0F434000C3241 /* V3_VC.swift */ = {isa = PBXFileReference; lastKnownFileType = sourcecode.swift; path = V3_VC.swift; sourceTree = "<group>"; };
		69A32B412AB37AF1001B7292 /* V4_VC.swift */ = {isa = PBXFileReference; lastKnownFileType = sourcecode.swift; path = V4_VC.swift; sourceTree = "<group>"; };
		69A32B452AB3B349001B7292 /* V0_VC.swift */ = {isa = PBXFileReference; lastKnownFileType = sourcecode.swift; path = V0_VC.swift; sourceTree = "<group>"; };
		69A32B472AB40ECC001B7292 /* V5_VC.swift */ = {isa = PBXFileReference; lastKnownFileType = sourcecode.swift; path = V5_VC.swift; sourceTree = "<group>"; };
		69A32B492AB4F966001B7292 /* V6_VC.swift */ = {isa = PBXFileReference; lastKnownFileType = sourcecode.swift; path = V6_VC.swift; sourceTree = "<group>"; };
		69A32B4C2AB4F9CA001B7292 /* Classes.swift */ = {isa = PBXFileReference; lastKnownFileType = sourcecode.swift; path = Classes.swift; sourceTree = "<group>"; };
		69A32B4E2AB60CEA001B7292 /* V7_VC.swift */ = {isa = PBXFileReference; lastKnownFileType = sourcecode.swift; path = V7_VC.swift; sourceTree = "<group>"; };
		69A32B502AB6388F001B7292 /* V8_VC.swift */ = {isa = PBXFileReference; lastKnownFileType = sourcecode.swift; path = V8_VC.swift; sourceTree = "<group>"; };
		69A32B522AB64935001B7292 /* V9_VC.swift */ = {isa = PBXFileReference; lastKnownFileType = sourcecode.swift; path = V9_VC.swift; sourceTree = "<group>"; };
		69A32B542AB652D9001B7292 /* V10_VC.swift */ = {isa = PBXFileReference; lastKnownFileType = sourcecode.swift; path = V10_VC.swift; sourceTree = "<group>"; };
/* End PBXFileReference section */

/* Begin PBXFrameworksBuildPhase section */
		690C12812AB00F4A000C3241 /* Frameworks */ = {
			isa = PBXFrameworksBuildPhase;
			buildActionMask = 2147483647;
			files = (
			);
			runOnlyForDeploymentPostprocessing = 0;
		};
		690C12972AB00F4C000C3241 /* Frameworks */ = {
			isa = PBXFrameworksBuildPhase;
			buildActionMask = 2147483647;
			files = (
			);
			runOnlyForDeploymentPostprocessing = 0;
		};
		690C12A12AB00F4C000C3241 /* Frameworks */ = {
			isa = PBXFrameworksBuildPhase;
			buildActionMask = 2147483647;
			files = (
			);
			runOnlyForDeploymentPostprocessing = 0;
		};
/* End PBXFrameworksBuildPhase section */

/* Begin PBXGroup section */
		690C127B2AB00F4A000C3241 = {
			isa = PBXGroup;
			children = (
				690C12862AB00F4A000C3241 /* Bloom Mental Health */,
				690C129D2AB00F4C000C3241 /* Bloom Mental HealthTests */,
				690C12A72AB00F4C000C3241 /* Bloom Mental HealthUITests */,
				690C12852AB00F4A000C3241 /* Products */,
			);
			sourceTree = "<group>";
		};
		690C12852AB00F4A000C3241 /* Products */ = {
			isa = PBXGroup;
			children = (
				690C12842AB00F4A000C3241 /* Bloom Mental Health.app */,
				690C129A2AB00F4C000C3241 /* Bloom Mental HealthTests.xctest */,
				690C12A42AB00F4C000C3241 /* Bloom Mental HealthUITests.xctest */,
			);
			name = Products;
			sourceTree = "<group>";
		};
		690C12862AB00F4A000C3241 /* Bloom Mental Health */ = {
			isa = PBXGroup;
			children = (
				690C12872AB00F4A000C3241 /* AppDelegate.swift */,
				690C12892AB00F4A000C3241 /* SceneDelegate.swift */,
				69A32B4B2AB4F9B5001B7292 /* Custom Class */,
				690C12C02AB0E202000C3241 /* View Controller */,
				690C12B72AB00F8F000C3241 /* Styling.swift */,
				690C12B92AB01772000C3241 /* Assets */,
				690C128D2AB00F4A000C3241 /* Main.storyboard */,
				690C12922AB00F4C000C3241 /* LaunchScreen.storyboard */,
				690C12952AB00F4C000C3241 /* Info.plist */,
			);
			path = "Bloom Mental Health";
			sourceTree = "<group>";
		};
		690C129D2AB00F4C000C3241 /* Bloom Mental HealthTests */ = {
			isa = PBXGroup;
			children = (
				690C129E2AB00F4C000C3241 /* Bloom_Mental_HealthTests.swift */,
			);
			path = "Bloom Mental HealthTests";
			sourceTree = "<group>";
		};
		690C12A72AB00F4C000C3241 /* Bloom Mental HealthUITests */ = {
			isa = PBXGroup;
			children = (
				690C12A82AB00F4C000C3241 /* Bloom_Mental_HealthUITests.swift */,
				690C12AA2AB00F4C000C3241 /* Bloom_Mental_HealthUITestsLaunchTests.swift */,
			);
			path = "Bloom Mental HealthUITests";
			sourceTree = "<group>";
		};
		690C12B92AB01772000C3241 /* Assets */ = {
			isa = PBXGroup;
			children = (
				690C12902AB00F4C000C3241 /* Assets.xcassets */,
				690C12BB2AB01794000C3241 /* NunitoSans.ttf */,
				690C12BA2AB0178B000C3241 /* Epilogue.ttf */,
				690C12BC2AB01AB4000C3241 /* Rubik.ttf */,
			);
			path = Assets;
			sourceTree = "<group>";
		};
		690C12C02AB0E202000C3241 /* View Controller */ = {
			isa = PBXGroup;
			children = (
				690C128B2AB00F4A000C3241 /* ViewController.swift */,
				69A32B452AB3B349001B7292 /* V0_VC.swift */,
				690C12C12AB0E224000C3241 /* V2_VC.swift */,
				690C12C32AB0F434000C3241 /* V3_VC.swift */,
				69A32B412AB37AF1001B7292 /* V4_VC.swift */,
				69A32B472AB40ECC001B7292 /* V5_VC.swift */,
				69A32B492AB4F966001B7292 /* V6_VC.swift */,
				69A32B4E2AB60CEA001B7292 /* V7_VC.swift */,
				69A32B502AB6388F001B7292 /* V8_VC.swift */,
				69A32B522AB64935001B7292 /* V9_VC.swift */,
				69A32B542AB652D9001B7292 /* V10_VC.swift */,
			);
			path = "View Controller";
			sourceTree = "<group>";
		};
		69A32B4B2AB4F9B5001B7292 /* Custom Class */ = {
			isa = PBXGroup;
			children = (
				69A32B4C2AB4F9CA001B7292 /* Classes.swift */,
			);
			path = "Custom Class";
			sourceTree = "<group>";
		};
/* End PBXGroup section */

/* Begin PBXNativeTarget section */
		690C12832AB00F4A000C3241 /* Bloom Mental Health */ = {
			isa = PBXNativeTarget;
			buildConfigurationList = 690C12AE2AB00F4C000C3241 /* Build configuration list for PBXNativeTarget "Bloom Mental Health" */;
			buildPhases = (
				690C12802AB00F4A000C3241 /* Sources */,
				690C12812AB00F4A000C3241 /* Frameworks */,
				690C12822AB00F4A000C3241 /* Resources */,
			);
			buildRules = (
			);
			dependencies = (
			);
			name = "Bloom Mental Health";
			productName = "Bloom Mental Health";
			productReference = 690C12842AB00F4A000C3241 /* Bloom Mental Health.app */;
			productType = "com.apple.product-type.application";
		};
		690C12992AB00F4C000C3241 /* Bloom Mental HealthTests */ = {
			isa = PBXNativeTarget;
			buildConfigurationList = 690C12B12AB00F4C000C3241 /* Build configuration list for PBXNativeTarget "Bloom Mental HealthTests" */;
			buildPhases = (
				690C12962AB00F4C000C3241 /* Sources */,
				690C12972AB00F4C000C3241 /* Frameworks */,
				690C12982AB00F4C000C3241 /* Resources */,
			);
			buildRules = (
			);
			dependencies = (
				690C129C2AB00F4C000C3241 /* PBXTargetDependency */,
			);
			name = "Bloom Mental HealthTests";
			productName = "Bloom Mental HealthTests";
			productReference = 690C129A2AB00F4C000C3241 /* Bloom Mental HealthTests.xctest */;
			productType = "com.apple.product-type.bundle.unit-test";
		};
		690C12A32AB00F4C000C3241 /* Bloom Mental HealthUITests */ = {
			isa = PBXNativeTarget;
			buildConfigurationList = 690C12B42AB00F4C000C3241 /* Build configuration list for PBXNativeTarget "Bloom Mental HealthUITests" */;
			buildPhases = (
				690C12A02AB00F4C000C3241 /* Sources */,
				690C12A12AB00F4C000C3241 /* Frameworks */,
				690C12A22AB00F4C000C3241 /* Resources */,
			);
			buildRules = (
			);
			dependencies = (
				690C12A62AB00F4C000C3241 /* PBXTargetDependency */,
			);
			name = "Bloom Mental HealthUITests";
			productName = "Bloom Mental HealthUITests";
			productReference = 690C12A42AB00F4C000C3241 /* Bloom Mental HealthUITests.xctest */;
			productType = "com.apple.product-type.bundle.ui-testing";
		};
/* End PBXNativeTarget section */

/* Begin PBXProject section */
		690C127C2AB00F4A000C3241 /* Project object */ = {
			isa = PBXProject;
			attributes = {
				BuildIndependentTargetsInParallel = 1;
				LastSwiftUpdateCheck = 1430;
				LastUpgradeCheck = 1430;
				TargetAttributes = {
					690C12832AB00F4A000C3241 = {
						CreatedOnToolsVersion = 14.3.1;
					};
					690C12992AB00F4C000C3241 = {
						CreatedOnToolsVersion = 14.3.1;
						TestTargetID = 690C12832AB00F4A000C3241;
					};
					690C12A32AB00F4C000C3241 = {
						CreatedOnToolsVersion = 14.3.1;
						TestTargetID = 690C12832AB00F4A000C3241;
					};
				};
			};
			buildConfigurationList = 690C127F2AB00F4A000C3241 /* Build configuration list for PBXProject "Bloom Mental Health" */;
			compatibilityVersion = "Xcode 14.0";
			developmentRegion = en;
			hasScannedForEncodings = 0;
			knownRegions = (
				en,
				Base,
			);
			mainGroup = 690C127B2AB00F4A000C3241;
			productRefGroup = 690C12852AB00F4A000C3241 /* Products */;
			projectDirPath = "";
			projectRoot = "";
			targets = (
				690C12832AB00F4A000C3241 /* Bloom Mental Health */,
				690C12992AB00F4C000C3241 /* Bloom Mental HealthTests */,
				690C12A32AB00F4C000C3241 /* Bloom Mental HealthUITests */,
			);
		};
/* End PBXProject section */

/* Begin PBXResourcesBuildPhase section */
		690C12822AB00F4A000C3241 /* Resources */ = {
			isa = PBXResourcesBuildPhase;
			buildActionMask = 2147483647;
			files = (
				690C12942AB00F4C000C3241 /* LaunchScreen.storyboard in Resources */,
				690C12912AB00F4C000C3241 /* Assets.xcassets in Resources */,
				690C128F2AB00F4A000C3241 /* Main.storyboard in Resources */,
				690C12BF2AB0D009000C3241 /* Rubik.ttf in Resources */,
				690C12BD2AB0D004000C3241 /* NunitoSans.ttf in Resources */,
				690C12BE2AB0D007000C3241 /* Epilogue.ttf in Resources */,
			);
			runOnlyForDeploymentPostprocessing = 0;
		};
		690C12982AB00F4C000C3241 /* Resources */ = {
			isa = PBXResourcesBuildPhase;
			buildActionMask = 2147483647;
			files = (
			);
			runOnlyForDeploymentPostprocessing = 0;
		};
		690C12A22AB00F4C000C3241 /* Resources */ = {
			isa = PBXResourcesBuildPhase;
			buildActionMask = 2147483647;
			files = (
			);
			runOnlyForDeploymentPostprocessing = 0;
		};
/* End PBXResourcesBuildPhase section */

/* Begin PBXSourcesBuildPhase section */
		690C12802AB00F4A000C3241 /* Sources */ = {
			isa = PBXSourcesBuildPhase;
			buildActionMask = 2147483647;
			files = (
				69A32B4A2AB4F966001B7292 /* V6_VC.swift in Sources */,
				690C128C2AB00F4A000C3241 /* ViewController.swift in Sources */,
				69A32B512AB6388F001B7292 /* V8_VC.swift in Sources */,
				69A32B552AB652D9001B7292 /* V10_VC.swift in Sources */,
				69A32B482AB40ECC001B7292 /* V5_VC.swift in Sources */,
				690C12882AB00F4A000C3241 /* AppDelegate.swift in Sources */,
				690C12C22AB0E224000C3241 /* V2_VC.swift in Sources */,
				69A32B422AB37AF1001B7292 /* V4_VC.swift in Sources */,
				69A32B462AB3B349001B7292 /* V0_VC.swift in Sources */,
				69A32B4F2AB60CEA001B7292 /* V7_VC.swift in Sources */,
				69A32B4D2AB4F9CA001B7292 /* Classes.swift in Sources */,
				690C128A2AB00F4A000C3241 /* SceneDelegate.swift in Sources */,
				690C12B82AB00F8F000C3241 /* Styling.swift in Sources */,
				690C12C42AB0F434000C3241 /* V3_VC.swift in Sources */,
				69A32B532AB64935001B7292 /* V9_VC.swift in Sources */,
			);
			runOnlyForDeploymentPostprocessing = 0;
		};
		690C12962AB00F4C000C3241 /* Sources */ = {
			isa = PBXSourcesBuildPhase;
			buildActionMask = 2147483647;
			files = (
				690C129F2AB00F4C000C3241 /* Bloom_Mental_HealthTests.swift in Sources */,
			);
			runOnlyForDeploymentPostprocessing = 0;
		};
		690C12A02AB00F4C000C3241 /* Sources */ = {
			isa = PBXSourcesBuildPhase;
			buildActionMask = 2147483647;
			files = (
				690C12A92AB00F4C000C3241 /* Bloom_Mental_HealthUITests.swift in Sources */,
				690C12AB2AB00F4C000C3241 /* Bloom_Mental_HealthUITestsLaunchTests.swift in Sources */,
			);
			runOnlyForDeploymentPostprocessing = 0;
		};
/* End PBXSourcesBuildPhase section */

/* Begin PBXTargetDependency section */
		690C129C2AB00F4C000C3241 /* PBXTargetDependency */ = {
			isa = PBXTargetDependency;
			target = 690C12832AB00F4A000C3241 /* Bloom Mental Health */;
			targetProxy = 690C129B2AB00F4C000C3241 /* PBXContainerItemProxy */;
		};
		690C12A62AB00F4C000C3241 /* PBXTargetDependency */ = {
			isa = PBXTargetDependency;
			target = 690C12832AB00F4A000C3241 /* Bloom Mental Health */;
			targetProxy = 690C12A52AB00F4C000C3241 /* PBXContainerItemProxy */;
		};
/* End PBXTargetDependency section */

/* Begin PBXVariantGroup section */
		690C128D2AB00F4A000C3241 /* Main.storyboard */ = {
			isa = PBXVariantGroup;
			children = (
				690C128E2AB00F4A000C3241 /* Base */,
			);
			name = Main.storyboard;
			sourceTree = "<group>";
		};
		690C12922AB00F4C000C3241 /* LaunchScreen.storyboard */ = {
			isa = PBXVariantGroup;
			children = (
				690C12932AB00F4C000C3241 /* Base */,
			);
			name = LaunchScreen.storyboard;
			sourceTree = "<group>";
		};
/* End PBXVariantGroup section */

/* Begin XCBuildConfiguration section */
		690C12AC2AB00F4C000C3241 /* Debug */ = {
			isa = XCBuildConfiguration;
			buildSettings = {
				ALWAYS_SEARCH_USER_PATHS = NO;
				CLANG_ANALYZER_NONNULL = YES;
				CLANG_ANALYZER_NUMBER_OBJECT_CONVERSION = YES_AGGRESSIVE;
				CLANG_CXX_LANGUAGE_STANDARD = "gnu++20";
				CLANG_ENABLE_MODULES = YES;
				CLANG_ENABLE_OBJC_ARC = YES;
				CLANG_ENABLE_OBJC_WEAK = YES;
				CLANG_WARN_BLOCK_CAPTURE_AUTORELEASING = YES;
				CLANG_WARN_BOOL_CONVERSION = YES;
				CLANG_WARN_COMMA = YES;
				CLANG_WARN_CONSTANT_CONVERSION = YES;
				CLANG_WARN_DEPRECATED_OBJC_IMPLEMENTATIONS = YES;
				CLANG_WARN_DIRECT_OBJC_ISA_USAGE = YES_ERROR;
				CLANG_WARN_DOCUMENTATION_COMMENTS = YES;
				CLANG_WARN_EMPTY_BODY = YES;
				CLANG_WARN_ENUM_CONVERSION = YES;
				CLANG_WARN_INFINITE_RECURSION = YES;
				CLANG_WARN_INT_CONVERSION = YES;
				CLANG_WARN_NON_LITERAL_NULL_CONVERSION = YES;
				CLANG_WARN_OBJC_IMPLICIT_RETAIN_SELF = YES;
				CLANG_WARN_OBJC_LITERAL_CONVERSION = YES;
				CLANG_WARN_OBJC_ROOT_CLASS = YES_ERROR;
				CLANG_WARN_QUOTED_INCLUDE_IN_FRAMEWORK_HEADER = YES;
				CLANG_WARN_RANGE_LOOP_ANALYSIS = YES;
				CLANG_WARN_STRICT_PROTOTYPES = YES;
				CLANG_WARN_SUSPICIOUS_MOVE = YES;
				CLANG_WARN_UNGUARDED_AVAILABILITY = YES_AGGRESSIVE;
				CLANG_WARN_UNREACHABLE_CODE = YES;
				CLANG_WARN__DUPLICATE_METHOD_MATCH = YES;
				COPY_PHASE_STRIP = NO;
				DEBUG_INFORMATION_FORMAT = dwarf;
				ENABLE_STRICT_OBJC_MSGSEND = YES;
				ENABLE_TESTABILITY = YES;
				GCC_C_LANGUAGE_STANDARD = gnu11;
				GCC_DYNAMIC_NO_PIC = NO;
				GCC_NO_COMMON_BLOCKS = YES;
				GCC_OPTIMIZATION_LEVEL = 0;
				GCC_PREPROCESSOR_DEFINITIONS = (
					"DEBUG=1",
					"$(inherited)",
				);
				GCC_WARN_64_TO_32_BIT_CONVERSION = YES;
				GCC_WARN_ABOUT_RETURN_TYPE = YES_ERROR;
				GCC_WARN_UNDECLARED_SELECTOR = YES;
				GCC_WARN_UNINITIALIZED_AUTOS = YES_AGGRESSIVE;
				GCC_WARN_UNUSED_FUNCTION = YES;
				GCC_WARN_UNUSED_VARIABLE = YES;
				IPHONEOS_DEPLOYMENT_TARGET = 16.4;
				MTL_ENABLE_DEBUG_INFO = INCLUDE_SOURCE;
				MTL_FAST_MATH = YES;
				ONLY_ACTIVE_ARCH = YES;
				SDKROOT = iphoneos;
				SWIFT_ACTIVE_COMPILATION_CONDITIONS = DEBUG;
				SWIFT_OPTIMIZATION_LEVEL = "-Onone";
			};
			name = Debug;
		};
		690C12AD2AB00F4C000C3241 /* Release */ = {
			isa = XCBuildConfiguration;
			buildSettings = {
				ALWAYS_SEARCH_USER_PATHS = NO;
				CLANG_ANALYZER_NONNULL = YES;
				CLANG_ANALYZER_NUMBER_OBJECT_CONVERSION = YES_AGGRESSIVE;
				CLANG_CXX_LANGUAGE_STANDARD = "gnu++20";
				CLANG_ENABLE_MODULES = YES;
				CLANG_ENABLE_OBJC_ARC = YES;
				CLANG_ENABLE_OBJC_WEAK = YES;
				CLANG_WARN_BLOCK_CAPTURE_AUTORELEASING = YES;
				CLANG_WARN_BOOL_CONVERSION = YES;
				CLANG_WARN_COMMA = YES;
				CLANG_WARN_CONSTANT_CONVERSION = YES;
				CLANG_WARN_DEPRECATED_OBJC_IMPLEMENTATIONS = YES;
				CLANG_WARN_DIRECT_OBJC_ISA_USAGE = YES_ERROR;
				CLANG_WARN_DOCUMENTATION_COMMENTS = YES;
				CLANG_WARN_EMPTY_BODY = YES;
				CLANG_WARN_ENUM_CONVERSION = YES;
				CLANG_WARN_INFINITE_RECURSION = YES;
				CLANG_WARN_INT_CONVERSION = YES;
				CLANG_WARN_NON_LITERAL_NULL_CONVERSION = YES;
				CLANG_WARN_OBJC_IMPLICIT_RETAIN_SELF = YES;
				CLANG_WARN_OBJC_LITERAL_CONVERSION = YES;
				CLANG_WARN_OBJC_ROOT_CLASS = YES_ERROR;
				CLANG_WARN_QUOTED_INCLUDE_IN_FRAMEWORK_HEADER = YES;
				CLANG_WARN_RANGE_LOOP_ANALYSIS = YES;
				CLANG_WARN_STRICT_PROTOTYPES = YES;
				CLANG_WARN_SUSPICIOUS_MOVE = YES;
				CLANG_WARN_UNGUARDED_AVAILABILITY = YES_AGGRESSIVE;
				CLANG_WARN_UNREACHABLE_CODE = YES;
				CLANG_WARN__DUPLICATE_METHOD_MATCH = YES;
				COPY_PHASE_STRIP = NO;
				DEBUG_INFORMATION_FORMAT = "dwarf-with-dsym";
				ENABLE_NS_ASSERTIONS = NO;
				ENABLE_STRICT_OBJC_MSGSEND = YES;
				GCC_C_LANGUAGE_STANDARD = gnu11;
				GCC_NO_COMMON_BLOCKS = YES;
				GCC_WARN_64_TO_32_BIT_CONVERSION = YES;
				GCC_WARN_ABOUT_RETURN_TYPE = YES_ERROR;
				GCC_WARN_UNDECLARED_SELECTOR = YES;
				GCC_WARN_UNINITIALIZED_AUTOS = YES_AGGRESSIVE;
				GCC_WARN_UNUSED_FUNCTION = YES;
				GCC_WARN_UNUSED_VARIABLE = YES;
				IPHONEOS_DEPLOYMENT_TARGET = 16.4;
				MTL_ENABLE_DEBUG_INFO = NO;
				MTL_FAST_MATH = YES;
				SDKROOT = iphoneos;
				SWIFT_COMPILATION_MODE = wholemodule;
				SWIFT_OPTIMIZATION_LEVEL = "-O";
				VALIDATE_PRODUCT = YES;
			};
			name = Release;
		};
		690C12AF2AB00F4C000C3241 /* Debug */ = {
			isa = XCBuildConfiguration;
			buildSettings = {
				ASSETCATALOG_COMPILER_APPICON_NAME = AppIcon;
				ASSETCATALOG_COMPILER_GLOBAL_ACCENT_COLOR_NAME = AccentColor;
				CODE_SIGN_STYLE = Automatic;
				CURRENT_PROJECT_VERSION = 1;
				DEVELOPMENT_TEAM = FATFTR6S8J;
				GENERATE_INFOPLIST_FILE = YES;
				INFOPLIST_FILE = "Bloom Mental Health/Info.plist";
				INFOPLIST_KEY_UIApplicationSupportsIndirectInputEvents = YES;
				INFOPLIST_KEY_UILaunchStoryboardName = LaunchScreen;
				INFOPLIST_KEY_UIMainStoryboardFile = Main;
				INFOPLIST_KEY_UISupportedInterfaceOrientations_iPad = "UIInterfaceOrientationPortrait UIInterfaceOrientationPortraitUpsideDown UIInterfaceOrientationLandscapeLeft UIInterfaceOrientationLandscapeRight";
				INFOPLIST_KEY_UISupportedInterfaceOrientations_iPhone = "UIInterfaceOrientationPortrait UIInterfaceOrientationLandscapeLeft UIInterfaceOrientationLandscapeRight";
				LD_RUNPATH_SEARCH_PATHS = (
					"$(inherited)",
					"@executable_path/Frameworks",
				);
				MARKETING_VERSION = 1.0;
				PRODUCT_BUNDLE_IDENTIFIER = "personal.Bloom-Mental-Health";
				PRODUCT_NAME = "$(TARGET_NAME)";
				SWIFT_EMIT_LOC_STRINGS = YES;
				SWIFT_VERSION = 5.0;
				TARGETED_DEVICE_FAMILY = "1,2";
			};
			name = Debug;
		};
		690C12B02AB00F4C000C3241 /* Release */ = {
			isa = XCBuildConfiguration;
			buildSettings = {
				ASSETCATALOG_COMPILER_APPICON_NAME = AppIcon;
				ASSETCATALOG_COMPILER_GLOBAL_ACCENT_COLOR_NAME = AccentColor;
				CODE_SIGN_STYLE = Automatic;
				CURRENT_PROJECT_VERSION = 1;
				DEVELOPMENT_TEAM = FATFTR6S8J;
				GENERATE_INFOPLIST_FILE = YES;
				INFOPLIST_FILE = "Bloom Mental Health/Info.plist";
				INFOPLIST_KEY_UIApplicationSupportsIndirectInputEvents = YES;
				INFOPLIST_KEY_UILaunchStoryboardName = LaunchScreen;
				INFOPLIST_KEY_UIMainStoryboardFile = Main;
				INFOPLIST_KEY_UISupportedInterfaceOrientations_iPad = "UIInterfaceOrientationPortrait UIInterfaceOrientationPortraitUpsideDown UIInterfaceOrientationLandscapeLeft UIInterfaceOrientationLandscapeRight";
				INFOPLIST_KEY_UISupportedInterfaceOrientations_iPhone = "UIInterfaceOrientationPortrait UIInterfaceOrientationLandscapeLeft UIInterfaceOrientationLandscapeRight";
				LD_RUNPATH_SEARCH_PATHS = (
					"$(inherited)",
					"@executable_path/Frameworks",
				);
				MARKETING_VERSION = 1.0;
				PRODUCT_BUNDLE_IDENTIFIER = "personal.Bloom-Mental-Health";
				PRODUCT_NAME = "$(TARGET_NAME)";
				SWIFT_EMIT_LOC_STRINGS = YES;
				SWIFT_VERSION = 5.0;
				TARGETED_DEVICE_FAMILY = "1,2";
			};
			name = Release;
		};
		690C12B22AB00F4C000C3241 /* Debug */ = {
			isa = XCBuildConfiguration;
			buildSettings = {
				ALWAYS_EMBED_SWIFT_STANDARD_LIBRARIES = YES;
				BUNDLE_LOADER = "$(TEST_HOST)";
				CODE_SIGN_STYLE = Automatic;
				CURRENT_PROJECT_VERSION = 1;
				DEVELOPMENT_TEAM = FATFTR6S8J;
				GENERATE_INFOPLIST_FILE = YES;
				IPHONEOS_DEPLOYMENT_TARGET = 16.4;
				MARKETING_VERSION = 1.0;
				PRODUCT_BUNDLE_IDENTIFIER = "personal.Bloom-Mental-HealthTests";
				PRODUCT_NAME = "$(TARGET_NAME)";
				SWIFT_EMIT_LOC_STRINGS = NO;
				SWIFT_VERSION = 5.0;
				TARGETED_DEVICE_FAMILY = "1,2";
				TEST_HOST = "$(BUILT_PRODUCTS_DIR)/Bloom Mental Health.app/$(BUNDLE_EXECUTABLE_FOLDER_PATH)/Bloom Mental Health";
			};
			name = Debug;
		};
		690C12B32AB00F4C000C3241 /* Release */ = {
			isa = XCBuildConfiguration;
			buildSettings = {
				ALWAYS_EMBED_SWIFT_STANDARD_LIBRARIES = YES;
				BUNDLE_LOADER = "$(TEST_HOST)";
				CODE_SIGN_STYLE = Automatic;
				CURRENT_PROJECT_VERSION = 1;
				DEVELOPMENT_TEAM = FATFTR6S8J;
				GENERATE_INFOPLIST_FILE = YES;
				IPHONEOS_DEPLOYMENT_TARGET = 16.4;
				MARKETING_VERSION = 1.0;
				PRODUCT_BUNDLE_IDENTIFIER = "personal.Bloom-Mental-HealthTests";
				PRODUCT_NAME = "$(TARGET_NAME)";
				SWIFT_EMIT_LOC_STRINGS = NO;
				SWIFT_VERSION = 5.0;
				TARGETED_DEVICE_FAMILY = "1,2";
				TEST_HOST = "$(BUILT_PRODUCTS_DIR)/Bloom Mental Health.app/$(BUNDLE_EXECUTABLE_FOLDER_PATH)/Bloom Mental Health";
			};
			name = Release;
		};
		690C12B52AB00F4C000C3241 /* Debug */ = {
			isa = XCBuildConfiguration;
			buildSettings = {
				ALWAYS_EMBED_SWIFT_STANDARD_LIBRARIES = YES;
				CODE_SIGN_STYLE = Automatic;
				CURRENT_PROJECT_VERSION = 1;
				DEVELOPMENT_TEAM = FATFTR6S8J;
				GENERATE_INFOPLIST_FILE = YES;
				MARKETING_VERSION = 1.0;
				PRODUCT_BUNDLE_IDENTIFIER = "personal.Bloom-Mental-HealthUITests";
				PRODUCT_NAME = "$(TARGET_NAME)";
				SWIFT_EMIT_LOC_STRINGS = NO;
				SWIFT_VERSION = 5.0;
				TARGETED_DEVICE_FAMILY = "1,2";
				TEST_TARGET_NAME = "Bloom Mental Health";
			};
			name = Debug;
		};
		690C12B62AB00F4C000C3241 /* Release */ = {
			isa = XCBuildConfiguration;
			buildSettings = {
				ALWAYS_EMBED_SWIFT_STANDARD_LIBRARIES = YES;
				CODE_SIGN_STYLE = Automatic;
				CURRENT_PROJECT_VERSION = 1;
				DEVELOPMENT_TEAM = FATFTR6S8J;
				GENERATE_INFOPLIST_FILE = YES;
				MARKETING_VERSION = 1.0;
				PRODUCT_BUNDLE_IDENTIFIER = "personal.Bloom-Mental-HealthUITests";
				PRODUCT_NAME = "$(TARGET_NAME)";
				SWIFT_EMIT_LOC_STRINGS = NO;
				SWIFT_VERSION = 5.0;
				TARGETED_DEVICE_FAMILY = "1,2";
				TEST_TARGET_NAME = "Bloom Mental Health";
			};
			name = Release;
		};
/* End XCBuildConfiguration section */

/* Begin XCConfigurationList section */
		690C127F2AB00F4A000C3241 /* Build configuration list for PBXProject "Bloom Mental Health" */ = {
			isa = XCConfigurationList;
			buildConfigurations = (
				690C12AC2AB00F4C000C3241 /* Debug */,
				690C12AD2AB00F4C000C3241 /* Release */,
			);
			defaultConfigurationIsVisible = 0;
			defaultConfigurationName = Release;
		};
		690C12AE2AB00F4C000C3241 /* Build configuration list for PBXNativeTarget "Bloom Mental Health" */ = {
			isa = XCConfigurationList;
			buildConfigurations = (
				690C12AF2AB00F4C000C3241 /* Debug */,
				690C12B02AB00F4C000C3241 /* Release */,
			);
			defaultConfigurationIsVisible = 0;
			defaultConfigurationName = Release;
		};
		690C12B12AB00F4C000C3241 /* Build configuration list for PBXNativeTarget "Bloom Mental HealthTests" */ = {
			isa = XCConfigurationList;
			buildConfigurations = (
				690C12B22AB00F4C000C3241 /* Debug */,
				690C12B32AB00F4C000C3241 /* Release */,
			);
			defaultConfigurationIsVisible = 0;
			defaultConfigurationName = Release;
		};
		690C12B42AB00F4C000C3241 /* Build configuration list for PBXNativeTarget "Bloom Mental HealthUITests" */ = {
			isa = XCConfigurationList;
			buildConfigurations = (
				690C12B52AB00F4C000C3241 /* Debug */,
				690C12B62AB00F4C000C3241 /* Release */,
			);
			defaultConfigurationIsVisible = 0;
			defaultConfigurationName = Release;
		};
/* End XCConfigurationList section */
	};
	rootObject = 690C127C2AB00F4A000C3241 /* Project object */;
}
